// !$*UTF8*$!
{
	archiveVersion = 1;
	classes = {
	};
	objectVersion = 46;
	objects = {

/* Begin PBXBuildFile section */
		6A28BED31EB7462200D5A476 /* MenuTableViewController.swift in Sources */ = {isa = PBXBuildFile; fileRef = 6A28BED21EB7462200D5A476 /* MenuTableViewController.swift */; };
		6A28BEEE1EB75FDC00D5A476 /* banana.jpg in Resources */ = {isa = PBXBuildFile; fileRef = 6A28BEE81EB75FDC00D5A476 /* banana.jpg */; };
		6A28BEEF1EB75FDC00D5A476 /* chips.jpg in Resources */ = {isa = PBXBuildFile; fileRef = 6A28BEE91EB75FDC00D5A476 /* chips.jpg */; };
		6A28BEF01EB75FDC00D5A476 /* cocacola.jpg in Resources */ = {isa = PBXBuildFile; fileRef = 6A28BEEA1EB75FDC00D5A476 /* cocacola.jpg */; };
		6A28BEF11EB75FDC00D5A476 /* hamburger.jpg in Resources */ = {isa = PBXBuildFile; fileRef = 6A28BEEB1EB75FDC00D5A476 /* hamburger.jpg */; };
		6A28BEF21EB75FDC00D5A476 /* pizza.png in Resources */ = {isa = PBXBuildFile; fileRef = 6A28BEEC1EB75FDC00D5A476 /* pizza.png */; };
		6A28BEF31EB75FDC00D5A476 /* springrolls.jpg in Resources */ = {isa = PBXBuildFile; fileRef = 6A28BEED1EB75FDC00D5A476 /* springrolls.jpg */; };
		6A28BEF91EB79BE100D5A476 /* FoodTableViewController.swift in Sources */ = {isa = PBXBuildFile; fileRef = 6A28BEF81EB79BE100D5A476 /* FoodTableViewController.swift */; };
		6A28BEFB1EB79DA900D5A476 /* FoodTableViewCell.swift in Sources */ = {isa = PBXBuildFile; fileRef = 6A28BEFA1EB79DA900D5A476 /* FoodTableViewCell.swift */; };
		6A332A991EAF7305002EE172 /* Food+CoreDataClass.swift in Sources */ = {isa = PBXBuildFile; fileRef = 6A332A931EAF7305002EE172 /* Food+CoreDataClass.swift */; };
		6A332A9A1EAF7305002EE172 /* Food+CoreDataProperties.swift in Sources */ = {isa = PBXBuildFile; fileRef = 6A332A941EAF7305002EE172 /* Food+CoreDataProperties.swift */; };
		6A332A9B1EAF7305002EE172 /* Bill+CoreDataClass.swift in Sources */ = {isa = PBXBuildFile; fileRef = 6A332A951EAF7305002EE172 /* Bill+CoreDataClass.swift */; };
		6A332A9C1EAF7305002EE172 /* Bill+CoreDataProperties.swift in Sources */ = {isa = PBXBuildFile; fileRef = 6A332A961EAF7305002EE172 /* Bill+CoreDataProperties.swift */; };
		6A332A9D1EAF7305002EE172 /* User+CoreDataClass.swift in Sources */ = {isa = PBXBuildFile; fileRef = 6A332A971EAF7305002EE172 /* User+CoreDataClass.swift */; };
		6A332A9E1EAF7305002EE172 /* User+CoreDataProperties.swift in Sources */ = {isa = PBXBuildFile; fileRef = 6A332A981EAF7305002EE172 /* User+CoreDataProperties.swift */; };
		6A4D7D621EACAA9C00B64DFF /* AppDelegate.swift in Sources */ = {isa = PBXBuildFile; fileRef = 6A4D7D611EACAA9C00B64DFF /* AppDelegate.swift */; };
		6A4D7D641EACAA9C00B64DFF /* ViewController.swift in Sources */ = {isa = PBXBuildFile; fileRef = 6A4D7D631EACAA9C00B64DFF /* ViewController.swift */; };
		6A4D7D671EACAA9C00B64DFF /* Main.storyboard in Resources */ = {isa = PBXBuildFile; fileRef = 6A4D7D651EACAA9C00B64DFF /* Main.storyboard */; };
		6A4D7D6A1EACAA9C00B64DFF /* iFood.xcdatamodeld in Sources */ = {isa = PBXBuildFile; fileRef = 6A4D7D681EACAA9C00B64DFF /* iFood.xcdatamodeld */; };
		6A4D7D6C1EACAA9C00B64DFF /* Assets.xcassets in Resources */ = {isa = PBXBuildFile; fileRef = 6A4D7D6B1EACAA9C00B64DFF /* Assets.xcassets */; };
		6A4D7D6F1EACAA9C00B64DFF /* LaunchScreen.storyboard in Resources */ = {isa = PBXBuildFile; fileRef = 6A4D7D6D1EACAA9C00B64DFF /* LaunchScreen.storyboard */; };
		6A6591761EBFC78F0095DDE0 /* PeerViewController.swift in Sources */ = {isa = PBXBuildFile; fileRef = 6A6591751EBFC78F0095DDE0 /* PeerViewController.swift */; };
		6A6591781EBFC7990095DDE0 /* ChatViewController.swift in Sources */ = {isa = PBXBuildFile; fileRef = 6A6591771EBFC7990095DDE0 /* ChatViewController.swift */; };
		6A65917A1EBFC9650095DDE0 /* SettingViewController.swift in Sources */ = {isa = PBXBuildFile; fileRef = 6A6591791EBFC9650095DDE0 /* SettingViewController.swift */; };
		6AA9C2141EBD26B600797813 /* RoundButton.swift in Sources */ = {isa = PBXBuildFile; fileRef = 6AA9C2131EBD26B600797813 /* RoundButton.swift */; };
		6AA9C2611EBE475800797813 /* Drinks.jpg in Resources */ = {isa = PBXBuildFile; fileRef = 6AA9C25F1EBE475800797813 /* Drinks.jpg */; };
		6AA9C2621EBE475800797813 /* MenuTableViewCell.swift in Sources */ = {isa = PBXBuildFile; fileRef = 6AA9C2601EBE475800797813 /* MenuTableViewCell.swift */; };
		6AB511C11EB7DE0A0092580E /* FoodConnectServiceManager.swift in Sources */ = {isa = PBXBuildFile; fileRef = 6AB511C01EB7DE0A0092580E /* FoodConnectServiceManager.swift */; };
		6AE4B3A61EC0113000F85F0D /* Desserts.jpg in Resources */ = {isa = PBXBuildFile; fileRef = 6AE4B3A21EC0113000F85F0D /* Desserts.jpg */; };
		6AE4B3A71EC0113000F85F0D /* Main Dishes.jpg in Resources */ = {isa = PBXBuildFile; fileRef = 6AE4B3A31EC0113000F85F0D /* Main Dishes.jpg */; };
		6AE4B3A81EC0113000F85F0D /* Side Dishes.jpg in Resources */ = {isa = PBXBuildFile; fileRef = 6AE4B3A41EC0113000F85F0D /* Side Dishes.jpg */; };
		6AE4B3A91EC0113000F85F0D /* Starters.jpg in Resources */ = {isa = PBXBuildFile; fileRef = 6AE4B3A51EC0113000F85F0D /* Starters.jpg */; };
/* End PBXBuildFile section */

/* Begin PBXFileReference section */
		6A28BED21EB7462200D5A476 /* MenuTableViewController.swift */ = {isa = PBXFileReference; fileEncoding = 4; lastKnownFileType = sourcecode.swift; path = MenuTableViewController.swift; sourceTree = "<group>"; };
		6A28BEE81EB75FDC00D5A476 /* banana.jpg */ = {isa = PBXFileReference; lastKnownFileType = image.jpeg; path = banana.jpg; sourceTree = "<group>"; };
		6A28BEE91EB75FDC00D5A476 /* chips.jpg */ = {isa = PBXFileReference; lastKnownFileType = image.jpeg; path = chips.jpg; sourceTree = "<group>"; };
		6A28BEEA1EB75FDC00D5A476 /* cocacola.jpg */ = {isa = PBXFileReference; lastKnownFileType = image.jpeg; path = cocacola.jpg; sourceTree = "<group>"; };
		6A28BEEB1EB75FDC00D5A476 /* hamburger.jpg */ = {isa = PBXFileReference; lastKnownFileType = image.jpeg; path = hamburger.jpg; sourceTree = "<group>"; };
		6A28BEEC1EB75FDC00D5A476 /* pizza.png */ = {isa = PBXFileReference; lastKnownFileType = image.png; path = pizza.png; sourceTree = "<group>"; };
		6A28BEED1EB75FDC00D5A476 /* springrolls.jpg */ = {isa = PBXFileReference; lastKnownFileType = image.jpeg; path = springrolls.jpg; sourceTree = "<group>"; };
		6A28BEF81EB79BE100D5A476 /* FoodTableViewController.swift */ = {isa = PBXFileReference; fileEncoding = 4; lastKnownFileType = sourcecode.swift; path = FoodTableViewController.swift; sourceTree = "<group>"; };
		6A28BEFA1EB79DA900D5A476 /* FoodTableViewCell.swift */ = {isa = PBXFileReference; fileEncoding = 4; lastKnownFileType = sourcecode.swift; path = FoodTableViewCell.swift; sourceTree = "<group>"; };
		6A332A931EAF7305002EE172 /* Food+CoreDataClass.swift */ = {isa = PBXFileReference; fileEncoding = 4; lastKnownFileType = sourcecode.swift; path = "Food+CoreDataClass.swift"; sourceTree = "<group>"; };
		6A332A941EAF7305002EE172 /* Food+CoreDataProperties.swift */ = {isa = PBXFileReference; fileEncoding = 4; lastKnownFileType = sourcecode.swift; path = "Food+CoreDataProperties.swift"; sourceTree = "<group>"; };
		6A332A951EAF7305002EE172 /* Bill+CoreDataClass.swift */ = {isa = PBXFileReference; fileEncoding = 4; lastKnownFileType = sourcecode.swift; path = "Bill+CoreDataClass.swift"; sourceTree = "<group>"; };
		6A332A961EAF7305002EE172 /* Bill+CoreDataProperties.swift */ = {isa = PBXFileReference; fileEncoding = 4; lastKnownFileType = sourcecode.swift; path = "Bill+CoreDataProperties.swift"; sourceTree = "<group>"; };
		6A332A971EAF7305002EE172 /* User+CoreDataClass.swift */ = {isa = PBXFileReference; fileEncoding = 4; lastKnownFileType = sourcecode.swift; path = "User+CoreDataClass.swift"; sourceTree = "<group>"; };
		6A332A981EAF7305002EE172 /* User+CoreDataProperties.swift */ = {isa = PBXFileReference; fileEncoding = 4; lastKnownFileType = sourcecode.swift; path = "User+CoreDataProperties.swift"; sourceTree = "<group>"; };
		6A4D7D5E1EACAA9C00B64DFF /* iFood.app */ = {isa = PBXFileReference; explicitFileType = wrapper.application; includeInIndex = 0; path = iFood.app; sourceTree = BUILT_PRODUCTS_DIR; };
		6A4D7D611EACAA9C00B64DFF /* AppDelegate.swift */ = {isa = PBXFileReference; lastKnownFileType = sourcecode.swift; path = AppDelegate.swift; sourceTree = "<group>"; };
		6A4D7D631EACAA9C00B64DFF /* ViewController.swift */ = {isa = PBXFileReference; lastKnownFileType = sourcecode.swift; path = ViewController.swift; sourceTree = "<group>"; };
		6A4D7D661EACAA9C00B64DFF /* Base */ = {isa = PBXFileReference; lastKnownFileType = file.storyboard; name = Base; path = Base.lproj/Main.storyboard; sourceTree = "<group>"; };
		6A4D7D691EACAA9C00B64DFF /* iFood.xcdatamodel */ = {isa = PBXFileReference; lastKnownFileType = wrapper.xcdatamodel; path = iFood.xcdatamodel; sourceTree = "<group>"; };
		6A4D7D6B1EACAA9C00B64DFF /* Assets.xcassets */ = {isa = PBXFileReference; lastKnownFileType = folder.assetcatalog; path = Assets.xcassets; sourceTree = "<group>"; };
		6A4D7D6E1EACAA9C00B64DFF /* Base */ = {isa = PBXFileReference; lastKnownFileType = file.storyboard; name = Base; path = Base.lproj/LaunchScreen.storyboard; sourceTree = "<group>"; };
		6A4D7D701EACAA9C00B64DFF /* Info.plist */ = {isa = PBXFileReference; lastKnownFileType = text.plist.xml; path = Info.plist; sourceTree = "<group>"; };
		6A6591751EBFC78F0095DDE0 /* PeerViewController.swift */ = {isa = PBXFileReference; fileEncoding = 4; lastKnownFileType = sourcecode.swift; path = PeerViewController.swift; sourceTree = "<group>"; };
		6A6591771EBFC7990095DDE0 /* ChatViewController.swift */ = {isa = PBXFileReference; fileEncoding = 4; lastKnownFileType = sourcecode.swift; path = ChatViewController.swift; sourceTree = "<group>"; };
		6A6591791EBFC9650095DDE0 /* SettingViewController.swift */ = {isa = PBXFileReference; fileEncoding = 4; lastKnownFileType = sourcecode.swift; path = SettingViewController.swift; sourceTree = "<group>"; };
		6AA9C2131EBD26B600797813 /* RoundButton.swift */ = {isa = PBXFileReference; fileEncoding = 4; lastKnownFileType = sourcecode.swift; path = RoundButton.swift; sourceTree = "<group>"; };
		6AA9C25F1EBE475800797813 /* Drinks.jpg */ = {isa = PBXFileReference; lastKnownFileType = image.jpeg; path = Drinks.jpg; sourceTree = "<group>"; };
		6AA9C2601EBE475800797813 /* MenuTableViewCell.swift */ = {isa = PBXFileReference; fileEncoding = 4; lastKnownFileType = sourcecode.swift; path = MenuTableViewCell.swift; sourceTree = "<group>"; };
		6AB511C01EB7DE0A0092580E /* FoodConnectServiceManager.swift */ = {isa = PBXFileReference; fileEncoding = 4; lastKnownFileType = sourcecode.swift; path = FoodConnectServiceManager.swift; sourceTree = "<group>"; };
		6AE4B3A21EC0113000F85F0D /* Desserts.jpg */ = {isa = PBXFileReference; lastKnownFileType = image.jpeg; path = Desserts.jpg; sourceTree = "<group>"; };
		6AE4B3A31EC0113000F85F0D /* Main Dishes.jpg */ = {isa = PBXFileReference; lastKnownFileType = image.jpeg; path = "Main Dishes.jpg"; sourceTree = "<group>"; };
		6AE4B3A41EC0113000F85F0D /* Side Dishes.jpg */ = {isa = PBXFileReference; lastKnownFileType = image.jpeg; path = "Side Dishes.jpg"; sourceTree = "<group>"; };
		6AE4B3A51EC0113000F85F0D /* Starters.jpg */ = {isa = PBXFileReference; lastKnownFileType = image.jpeg; path = Starters.jpg; sourceTree = "<group>"; };
/* End PBXFileReference section */

/* Begin PBXFrameworksBuildPhase section */
		6A4D7D5B1EACAA9C00B64DFF /* Frameworks */ = {
			isa = PBXFrameworksBuildPhase;
			buildActionMask = 2147483647;
			files = (
			);
			runOnlyForDeploymentPostprocessing = 0;
		};
/* End PBXFrameworksBuildPhase section */

/* Begin PBXGroup section */
		6A4D7D551EACAA9C00B64DFF = {
			isa = PBXGroup;
			children = (
				6A332A931EAF7305002EE172 /* Food+CoreDataClass.swift */,
				6A332A941EAF7305002EE172 /* Food+CoreDataProperties.swift */,
				6A332A951EAF7305002EE172 /* Bill+CoreDataClass.swift */,
				6A332A961EAF7305002EE172 /* Bill+CoreDataProperties.swift */,
				6A332A971EAF7305002EE172 /* User+CoreDataClass.swift */,
				6A332A981EAF7305002EE172 /* User+CoreDataProperties.swift */,
				6A4D7D601EACAA9C00B64DFF /* iFood */,
				6A4D7D5F1EACAA9C00B64DFF /* Products */,
			);
			sourceTree = "<group>";
		};
		6A4D7D5F1EACAA9C00B64DFF /* Products */ = {
			isa = PBXGroup;
			children = (
				6A4D7D5E1EACAA9C00B64DFF /* iFood.app */,
			);
			name = Products;
			sourceTree = "<group>";
		};
		6A4D7D601EACAA9C00B64DFF /* iFood */ = {
			isa = PBXGroup;
			children = (
				6A6591771EBFC7990095DDE0 /* ChatViewController.swift */,
				6A6591751EBFC78F0095DDE0 /* PeerViewController.swift */,
				6A6591791EBFC9650095DDE0 /* SettingViewController.swift */,
				6AA9C2131EBD26B600797813 /* RoundButton.swift */,
				6A4D7D611EACAA9C00B64DFF /* AppDelegate.swift */,
				6A4D7D631EACAA9C00B64DFF /* ViewController.swift */,
				6AA9C2601EBE475800797813 /* MenuTableViewCell.swift */,
				6A28BED21EB7462200D5A476 /* MenuTableViewController.swift */,
				6A28BEF81EB79BE100D5A476 /* FoodTableViewController.swift */,
				6A28BEFA1EB79DA900D5A476 /* FoodTableViewCell.swift */,
				6AB511C01EB7DE0A0092580E /* FoodConnectServiceManager.swift */,
				6A4D7D651EACAA9C00B64DFF /* Main.storyboard */,
				6AA9C25F1EBE475800797813 /* Drinks.jpg */,
				6A4D7D6B1EACAA9C00B64DFF /* Assets.xcassets */,
				6AE4B3A21EC0113000F85F0D /* Desserts.jpg */,
				6AE4B3A31EC0113000F85F0D /* Main Dishes.jpg */,
				6AE4B3A41EC0113000F85F0D /* Side Dishes.jpg */,
				6AE4B3A51EC0113000F85F0D /* Starters.jpg */,
				6A4D7D6D1EACAA9C00B64DFF /* LaunchScreen.storyboard */,
				6A4D7D701EACAA9C00B64DFF /* Info.plist */,
				6A4D7D681EACAA9C00B64DFF /* iFood.xcdatamodeld */,
				6A28BEE81EB75FDC00D5A476 /* banana.jpg */,
				6A28BEE91EB75FDC00D5A476 /* chips.jpg */,
				6A28BEEA1EB75FDC00D5A476 /* cocacola.jpg */,
				6A28BEEB1EB75FDC00D5A476 /* hamburger.jpg */,
				6A28BEEC1EB75FDC00D5A476 /* pizza.png */,
				6A28BEED1EB75FDC00D5A476 /* springrolls.jpg */,
			);
			path = iFood;
			sourceTree = "<group>";
		};
/* End PBXGroup section */

/* Begin PBXNativeTarget section */
		6A4D7D5D1EACAA9C00B64DFF /* iFood */ = {
			isa = PBXNativeTarget;
			buildConfigurationList = 6A4D7D731EACAA9C00B64DFF /* Build configuration list for PBXNativeTarget "iFood" */;
			buildPhases = (
				6A4D7D5A1EACAA9C00B64DFF /* Sources */,
				6A4D7D5B1EACAA9C00B64DFF /* Frameworks */,
				6A4D7D5C1EACAA9C00B64DFF /* Resources */,
			);
			buildRules = (
			);
			dependencies = (
			);
			name = iFood;
			productName = iFood;
			productReference = 6A4D7D5E1EACAA9C00B64DFF /* iFood.app */;
			productType = "com.apple.product-type.application";
		};
/* End PBXNativeTarget section */

/* Begin PBXProject section */
		6A4D7D561EACAA9C00B64DFF /* Project object */ = {
			isa = PBXProject;
			attributes = {
				LastSwiftUpdateCheck = 0810;
				LastUpgradeCheck = 0810;
				ORGANIZATIONNAME = Tien;
				TargetAttributes = {
					6A4D7D5D1EACAA9C00B64DFF = {
						CreatedOnToolsVersion = 8.1;
						DevelopmentTeam = R2UQ32C3TM;
						ProvisioningStyle = Automatic;
					};
				};
			};
			buildConfigurationList = 6A4D7D591EACAA9C00B64DFF /* Build configuration list for PBXProject "iFood" */;
			compatibilityVersion = "Xcode 3.2";
			developmentRegion = English;
			hasScannedForEncodings = 0;
			knownRegions = (
				en,
				Base,
			);
			mainGroup = 6A4D7D551EACAA9C00B64DFF;
			productRefGroup = 6A4D7D5F1EACAA9C00B64DFF /* Products */;
			projectDirPath = "";
			projectRoot = "";
			targets = (
				6A4D7D5D1EACAA9C00B64DFF /* iFood */,
			);
		};
/* End PBXProject section */

/* Begin PBXResourcesBuildPhase section */
		6A4D7D5C1EACAA9C00B64DFF /* Resources */ = {
			isa = PBXResourcesBuildPhase;
			buildActionMask = 2147483647;
			files = (
				6AE4B3A61EC0113000F85F0D /* Desserts.jpg in Resources */,
				6A28BEEF1EB75FDC00D5A476 /* chips.jpg in Resources */,
				6A28BEF11EB75FDC00D5A476 /* hamburger.jpg in Resources */,
				6A28BEF21EB75FDC00D5A476 /* pizza.png in Resources */,
				6A4D7D6F1EACAA9C00B64DFF /* LaunchScreen.storyboard in Resources */,
				6AA9C2611EBE475800797813 /* Drinks.jpg in Resources */,
				6A28BEF01EB75FDC00D5A476 /* cocacola.jpg in Resources */,
				6AE4B3A71EC0113000F85F0D /* Main Dishes.jpg in Resources */,
				6A28BEF31EB75FDC00D5A476 /* springrolls.jpg in Resources */,
				6AE4B3A91EC0113000F85F0D /* Starters.jpg in Resources */,
				6A4D7D6C1EACAA9C00B64DFF /* Assets.xcassets in Resources */,
				6A28BEEE1EB75FDC00D5A476 /* banana.jpg in Resources */,
				6AE4B3A81EC0113000F85F0D /* Side Dishes.jpg in Resources */,
				6A4D7D671EACAA9C00B64DFF /* Main.storyboard in Resources */,
			);
			runOnlyForDeploymentPostprocessing = 0;
		};
/* End PBXResourcesBuildPhase section */

/* Begin PBXSourcesBuildPhase section */
		6A4D7D5A1EACAA9C00B64DFF /* Sources */ = {
			isa = PBXSourcesBuildPhase;
			buildActionMask = 2147483647;
			files = (
				6A332A9B1EAF7305002EE172 /* Bill+CoreDataClass.swift in Sources */,
				6A332A991EAF7305002EE172 /* Food+CoreDataClass.swift in Sources */,
				6AA9C2141EBD26B600797813 /* RoundButton.swift in Sources */,
				6A28BED31EB7462200D5A476 /* MenuTableViewController.swift in Sources */,
				6A4D7D641EACAA9C00B64DFF /* ViewController.swift in Sources */,
				6A65917A1EBFC9650095DDE0 /* SettingViewController.swift in Sources */,
				6A4D7D6A1EACAA9C00B64DFF /* iFood.xcdatamodeld in Sources */,
				6A28BEFB1EB79DA900D5A476 /* FoodTableViewCell.swift in Sources */,
				6A332A9D1EAF7305002EE172 /* User+CoreDataClass.swift in Sources */,
				6A28BEF91EB79BE100D5A476 /* FoodTableViewController.swift in Sources */,
				6AB511C11EB7DE0A0092580E /* FoodConnectServiceManager.swift in Sources */,
				6A4D7D621EACAA9C00B64DFF /* AppDelegate.swift in Sources */,
				6A6591781EBFC7990095DDE0 /* ChatViewController.swift in Sources */,
				6A332A9C1EAF7305002EE172 /* Bill+CoreDataProperties.swift in Sources */,
				6A332A9E1EAF7305002EE172 /* User+CoreDataProperties.swift in Sources */,
				6A332A9A1EAF7305002EE172 /* Food+CoreDataProperties.swift in Sources */,
				6A6591761EBFC78F0095DDE0 /* PeerViewController.swift in Sources */,
				6AA9C2621EBE475800797813 /* MenuTableViewCell.swift in Sources */,
			);
			runOnlyForDeploymentPostprocessing = 0;
		};
/* End PBXSourcesBuildPhase section */

/* Begin PBXVariantGroup section */
		6A4D7D651EACAA9C00B64DFF /* Main.storyboard */ = {
			isa = PBXVariantGroup;
			children = (
				6A4D7D661EACAA9C00B64DFF /* Base */,
			);
			name = Main.storyboard;
			sourceTree = "<group>";
		};
		6A4D7D6D1EACAA9C00B64DFF /* LaunchScreen.storyboard */ = {
			isa = PBXVariantGroup;
			children = (
				6A4D7D6E1EACAA9C00B64DFF /* Base */,
			);
			name = LaunchScreen.storyboard;
			sourceTree = "<group>";
		};
/* End PBXVariantGroup section */

/* Begin XCBuildConfiguration section */
		6A4D7D711EACAA9C00B64DFF /* Debug */ = {
			isa = XCBuildConfiguration;
			buildSettings = {
				ALWAYS_SEARCH_USER_PATHS = NO;
				CLANG_ANALYZER_NONNULL = YES;
				CLANG_CXX_LANGUAGE_STANDARD = "gnu++0x";
				CLANG_CXX_LIBRARY = "libc++";
				CLANG_ENABLE_MODULES = YES;
				CLANG_ENABLE_OBJC_ARC = YES;
				CLANG_WARN_BOOL_CONVERSION = YES;
				CLANG_WARN_CONSTANT_CONVERSION = YES;
				CLANG_WARN_DIRECT_OBJC_ISA_USAGE = YES_ERROR;
				CLANG_WARN_DOCUMENTATION_COMMENTS = YES;
				CLANG_WARN_EMPTY_BODY = YES;
				CLANG_WARN_ENUM_CONVERSION = YES;
				CLANG_WARN_INFINITE_RECURSION = YES;
				CLANG_WARN_INT_CONVERSION = YES;
				CLANG_WARN_OBJC_ROOT_CLASS = YES_ERROR;
				CLANG_WARN_SUSPICIOUS_MOVES = YES;
				CLANG_WARN_UNREACHABLE_CODE = YES;
				CLANG_WARN__DUPLICATE_METHOD_MATCH = YES;
				"CODE_SIGN_IDENTITY[sdk=iphoneos*]" = "iPhone Developer";
				COPY_PHASE_STRIP = NO;
				DEBUG_INFORMATION_FORMAT = dwarf;
				ENABLE_STRICT_OBJC_MSGSEND = YES;
				ENABLE_TESTABILITY = YES;
				GCC_C_LANGUAGE_STANDARD = gnu99;
				GCC_DYNAMIC_NO_PIC = NO;
				GCC_NO_COMMON_BLOCKS = YES;
				GCC_OPTIMIZATION_LEVEL = 0;
				GCC_PREPROCESSOR_DEFINITIONS = (
					"DEBUG=1",
					"$(inherited)",
				);
				GCC_WARN_64_TO_32_BIT_CONVERSION = YES;
				GCC_WARN_ABOUT_RETURN_TYPE = YES_ERROR;
				GCC_WARN_UNDECLARED_SELECTOR = YES;
				GCC_WARN_UNINITIALIZED_AUTOS = YES_AGGRESSIVE;
				GCC_WARN_UNUSED_FUNCTION = YES;
				GCC_WARN_UNUSED_VARIABLE = YES;
				IPHONEOS_DEPLOYMENT_TARGET = 10.1;
				MTL_ENABLE_DEBUG_INFO = YES;
				ONLY_ACTIVE_ARCH = YES;
				SDKROOT = iphoneos;
				SWIFT_ACTIVE_COMPILATION_CONDITIONS = DEBUG;
				SWIFT_OPTIMIZATION_LEVEL = "-Onone";
			};
			name = Debug;
		};
		6A4D7D721EACAA9C00B64DFF /* Release */ = {
			isa = XCBuildConfiguration;
			buildSettings = {
				ALWAYS_SEARCH_USER_PATHS = NO;
				CLANG_ANALYZER_NONNULL = YES;
				CLANG_CXX_LANGUAGE_STANDARD = "gnu++0x";
				CLANG_CXX_LIBRARY = "libc++";
				CLANG_ENABLE_MODULES = YES;
				CLANG_ENABLE_OBJC_ARC = YES;
				CLANG_WARN_BOOL_CONVERSION = YES;
				CLANG_WARN_CONSTANT_CONVERSION = YES;
				CLANG_WARN_DIRECT_OBJC_ISA_USAGE = YES_ERROR;
				CLANG_WARN_DOCUMENTATION_COMMENTS = YES;
				CLANG_WARN_EMPTY_BODY = YES;
				CLANG_WARN_ENUM_CONVERSION = YES;
				CLANG_WARN_INFINITE_RECURSION = YES;
				CLANG_WARN_INT_CONVERSION = YES;
				CLANG_WARN_OBJC_ROOT_CLASS = YES_ERROR;
				CLANG_WARN_SUSPICIOUS_MOVES = YES;
				CLANG_WARN_UNREACHABLE_CODE = YES;
				CLANG_WARN__DUPLICATE_METHOD_MATCH = YES;
				"CODE_SIGN_IDENTITY[sdk=iphoneos*]" = "iPhone Developer";
				COPY_PHASE_STRIP = NO;
				DEBUG_INFORMATION_FORMAT = "dwarf-with-dsym";
				ENABLE_NS_ASSERTIONS = NO;
				ENABLE_STRICT_OBJC_MSGSEND = YES;
				GCC_C_LANGUAGE_STANDARD = gnu99;
				GCC_NO_COMMON_BLOCKS = YES;
				GCC_WARN_64_TO_32_BIT_CONVERSION = YES;
				GCC_WARN_ABOUT_RETURN_TYPE = YES_ERROR;
				GCC_WARN_UNDECLARED_SELECTOR = YES;
				GCC_WARN_UNINITIALIZED_AUTOS = YES_AGGRESSIVE;
				GCC_WARN_UNUSED_FUNCTION = YES;
				GCC_WARN_UNUSED_VARIABLE = YES;
				IPHONEOS_DEPLOYMENT_TARGET = 10.1;
				MTL_ENABLE_DEBUG_INFO = NO;
				SDKROOT = iphoneos;
				SWIFT_OPTIMIZATION_LEVEL = "-Owholemodule";
				VALIDATE_PRODUCT = YES;
			};
			name = Release;
		};
		6A4D7D741EACAA9C00B64DFF /* Debug */ = {
			isa = XCBuildConfiguration;
			buildSettings = {
				ASSETCATALOG_COMPILER_APPICON_NAME = AppIcon;
				"CODE_SIGN_IDENTITY[sdk=iphoneos*]" = "iPhone Developer";
				DEVELOPMENT_TEAM = R2UQ32C3TM;
				INFOPLIST_FILE = iFood/Info.plist;
				IPHONEOS_DEPLOYMENT_TARGET = 10.0;
				LD_RUNPATH_SEARCH_PATHS = "$(inherited) @executable_path/Frameworks";
				PRODUCT_BUNDLE_IDENTIFIER = com.example.iFood;
				PRODUCT_NAME = "$(TARGET_NAME)";
				SWIFT_VERSION = 3.0;
			};
			name = Debug;
		};
		6A4D7D751EACAA9C00B64DFF /* Release */ = {
			isa = XCBuildConfiguration;
			buildSettings = {
				ASSETCATALOG_COMPILER_APPICON_NAME = AppIcon;
				"CODE_SIGN_IDENTITY[sdk=iphoneos*]" = "iPhone Developer";
				DEVELOPMENT_TEAM = R2UQ32C3TM;
				INFOPLIST_FILE = iFood/Info.plist;
				IPHONEOS_DEPLOYMENT_TARGET = 10.0;
				LD_RUNPATH_SEARCH_PATHS = "$(inherited) @executable_path/Frameworks";
				PRODUCT_BUNDLE_IDENTIFIER = com.example.iFood;
				PRODUCT_NAME = "$(TARGET_NAME)";
				SWIFT_VERSION = 3.0;
			};
			name = Release;
		};
/* End XCBuildConfiguration section */

/* Begin XCConfigurationList section */
		6A4D7D591EACAA9C00B64DFF /* Build configuration list for PBXProject "iFood" */ = {
			isa = XCConfigurationList;
			buildConfigurations = (
				6A4D7D711EACAA9C00B64DFF /* Debug */,
				6A4D7D721EACAA9C00B64DFF /* Release */,
			);
			defaultConfigurationIsVisible = 0;
			defaultConfigurationName = Release;
		};
		6A4D7D731EACAA9C00B64DFF /* Build configuration list for PBXNativeTarget "iFood" */ = {
			isa = XCConfigurationList;
			buildConfigurations = (
				6A4D7D741EACAA9C00B64DFF /* Debug */,
				6A4D7D751EACAA9C00B64DFF /* Release */,
			);
			defaultConfigurationIsVisible = 0;
			defaultConfigurationName = Release;
		};
/* End XCConfigurationList section */

/* Begin XCVersionGroup section */
		6A4D7D681EACAA9C00B64DFF /* iFood.xcdatamodeld */ = {
			isa = XCVersionGroup;
			children = (
				6A4D7D691EACAA9C00B64DFF /* iFood.xcdatamodel */,
			);
			currentVersion = 6A4D7D691EACAA9C00B64DFF /* iFood.xcdatamodel */;
			path = iFood.xcdatamodeld;
			sourceTree = "<group>";
			versionGroupType = wrapper.xcdatamodel;
		};
/* End XCVersionGroup section */
	};
	rootObject = 6A4D7D561EACAA9C00B64DFF /* Project object */;
}
